Microsoft Visual Studio Solution File, Format Version 11.00
# Visual Studio 2008

Project("{664FE627-26C2-E98C-69F4-50F31F04ED2D}") = "Screen-Space-Grass", "Assembly-CSharp.csproj", "{519D54F3-8208-565B-2A7F-FC3EDF041DC0}"
EndProject
Global
	GlobalSection(SolutionConfigurationPlatforms) = preSolution
		Debug|Any CPU = Debug|Any CPU
		Release|Any CPU = Release|Any CPU
	EndGlobalSection
	GlobalSection(ProjectConfigurationPlatforms) = postSolution
		{519D54F3-8208-565B-2A7F-FC3EDF041DC0}.Debug|Any CPU.ActiveCfg = Debug|Any CPU
		{519D54F3-8208-565B-2A7F-FC3EDF041DC0}.Debug|Any CPU.Build.0 = Debug|Any CPU
		{519D54F3-8208-565B-2A7F-FC3EDF041DC0}.Release|Any CPU.ActiveCfg = Release|Any CPU
		{519D54F3-8208-565B-2A7F-FC3EDF041DC0}.Release|Any CPU.Build.0 = Release|Any CPU
	EndGlobalSection
	GlobalSection(SolutionProperties) = preSolution
		HideSolutionNode = FALSE
	EndGlobalSection
	GlobalSection(MonoDevelopProperties) = preSolution
		StartupItem = Assembly-CSharp.csproj
	EndGlobalSection
EndGlobal
